
Microsoft Visual Studio Solution File, Format Version 12.00
# Visual Studio Version 16
VisualStudioVersion = 16.0.29806.167
MinimumVisualStudioVersion = 10.0.40219.1
Project("{FAE04EC0-301F-11D3-BF4B-00C04F79EFBC}") = "Euler", "Euler.csproj", "{D2678833-68CE-49B1-A3A1-0995268A922D}"
EndProject
Global
	GlobalSection(SolutionConfigurationPlatforms) = preSolution
		Debug|Any CPU = Debug|Any CPU
		Release|Any CPU = Release|Any CPU
	EndGlobalSection
	GlobalSection(ProjectConfigurationPlatforms) = postSolution
		{D2678833-68CE-49B1-A3A1-0995268A922D}.Debug|Any CPU.ActiveCfg = Debug|Any CPU
		{D2678833-68CE-49B1-A3A1-0995268A922D}.Debug|Any CPU.Build.0 = Debug|Any CPU
		{D2678833-68CE-49B1-A3A1-0995268A922D}.Release|Any CPU.ActiveCfg = Release|Any CPU
		{D2678833-68CE-49B1-A3A1-0995268A922D}.Release|Any CPU.Build.0 = Release|Any CPU
	EndGlobalSection
	GlobalSection(SolutionProperties) = preSolution
		HideSolutionNode = FALSE
	EndGlobalSection
	GlobalSection(ExtensibilityGlobals) = postSolution
		SolutionGuid = {A609E43C-9611-4EC0-94B7-B8B91A129D99}
	EndGlobalSection
EndGlobal
